
Microsoft Visual Studio Solution File, Format Version 12.00
# Visual Studio 15
VisualStudioVersion = 15.0.27130.2024
MinimumVisualStudioVersion = 10.0.40219.1
Project("{8BC9CEB8-8B4A-11D0-8D11-00A0C91BC942}") = "Mendel's Pea Garden Renewed", "Mendel's Pea Garden Renewed\Mendel's Pea Garden Renewed.vcxproj", "{42FECCD0-0EAE-4BFD-87B0-BEE930F79E66}"
EndProject
Global
	GlobalSection(SolutionConfigurationPlatforms) = preSolution
		Debug|x64 = Debug|x64
		Debug|x86 = Debug|x86
		Release|x64 = Release|x64
		Release|x86 = Release|x86
	EndGlobalSection
	GlobalSection(ProjectConfigurationPlatforms) = postSolution
		{42FECCD0-0EAE-4BFD-87B0-BEE930F79E66}.Debug|x64.ActiveCfg = Debug|x64
		{42FECCD0-0EAE-4BFD-87B0-BEE930F79E66}.Debug|x64.Build.0 = Debug|x64
		{42FECCD0-0EAE-4BFD-87B0-BEE930F79E66}.Debug|x86.ActiveCfg = Debug|Win32
		{42FECCD0-0EAE-4BFD-87B0-BEE930F79E66}.Debug|x86.Build.0 = Debug|Win32
		{42FECCD0-0EAE-4BFD-87B0-BEE930F79E66}.Release|x64.ActiveCfg = Release|x64
		{42FECCD0-0EAE-4BFD-87B0-BEE930F79E66}.Release|x64.Build.0 = Release|x64
		{42FECCD0-0EAE-4BFD-87B0-BEE930F79E66}.Release|x86.ActiveCfg = Release|Win32
		{42FECCD0-0EAE-4BFD-87B0-BEE930F79E66}.Release|x86.Build.0 = Release|Win32
	EndGlobalSection
	GlobalSection(SolutionProperties) = preSolution
		HideSolutionNode = FALSE
	EndGlobalSection
	GlobalSection(ExtensibilityGlobals) = postSolution
		SolutionGuid = {F955C298-826C-4475-B761-92B3753E9110}
	EndGlobalSection
EndGlobal
